
Microsoft Visual Studio Solution File, Format Version 12.00
# Visual Studio 2017
Project("{FAE04EC0-301F-11D3-BF4B-00C04F79EFBC}") = "Asteriods V0.2_Max_AFBLIJVEN", "Asteriods V0.2_Max_AFBLIJVEN.csproj", "{F1EE1A6C-06BF-C0D5-3592-71136EC1F476}"
EndProject
Global
	GlobalSection(SolutionConfigurationPlatforms) = preSolution
		Debug|Any CPU = Debug|Any CPU
		Release|Any CPU = Release|Any CPU
	EndGlobalSection
	GlobalSection(ProjectConfigurationPlatforms) = postSolution
		{F1EE1A6C-06BF-C0D5-3592-71136EC1F476}.Debug|Any CPU.ActiveCfg = Debug|Any CPU
		{F1EE1A6C-06BF-C0D5-3592-71136EC1F476}.Debug|Any CPU.Build.0 = Debug|Any CPU
		{F1EE1A6C-06BF-C0D5-3592-71136EC1F476}.Release|Any CPU.ActiveCfg = Release|Any CPU
		{F1EE1A6C-06BF-C0D5-3592-71136EC1F476}.Release|Any CPU.Build.0 = Release|Any CPU
	EndGlobalSection
	GlobalSection(SolutionProperties) = preSolution
		HideSolutionNode = FALSE
	EndGlobalSection
EndGlobal
