
Microsoft Visual Studio Solution File, Format Version 12.00
# Visual Studio 2017
Project("{FAE04EC0-301F-11D3-BF4B-00C04F79EFBC}") = "charackters", "charackters.csproj", "{C3E6C096-77BC-8145-BC84-4B5F11B76F8D}"
EndProject
Project("{FAE04EC0-301F-11D3-BF4B-00C04F79EFBC}") = "charackters.Editor", "charackters.Editor.csproj", "{A4B2ACB8-5BCB-3E87-A984-F5D0114524A0}"
EndProject
Global
	GlobalSection(SolutionConfigurationPlatforms) = preSolution
		Debug|Any CPU = Debug|Any CPU
		Release|Any CPU = Release|Any CPU
	EndGlobalSection
	GlobalSection(ProjectConfigurationPlatforms) = postSolution
		{C3E6C096-77BC-8145-BC84-4B5F11B76F8D}.Debug|Any CPU.ActiveCfg = Debug|Any CPU
		{C3E6C096-77BC-8145-BC84-4B5F11B76F8D}.Debug|Any CPU.Build.0 = Debug|Any CPU
		{C3E6C096-77BC-8145-BC84-4B5F11B76F8D}.Release|Any CPU.ActiveCfg = Release|Any CPU
		{C3E6C096-77BC-8145-BC84-4B5F11B76F8D}.Release|Any CPU.Build.0 = Release|Any CPU
		{A4B2ACB8-5BCB-3E87-A984-F5D0114524A0}.Debug|Any CPU.ActiveCfg = Debug|Any CPU
		{A4B2ACB8-5BCB-3E87-A984-F5D0114524A0}.Debug|Any CPU.Build.0 = Debug|Any CPU
		{A4B2ACB8-5BCB-3E87-A984-F5D0114524A0}.Release|Any CPU.ActiveCfg = Release|Any CPU
		{A4B2ACB8-5BCB-3E87-A984-F5D0114524A0}.Release|Any CPU.Build.0 = Release|Any CPU
	EndGlobalSection
	GlobalSection(SolutionProperties) = preSolution
		HideSolutionNode = FALSE
	EndGlobalSection
EndGlobal
